// !$*UTF8*$!
{
	archiveVersion = 1;
	classes = {
	};
	objectVersion = 56;
	objects = {

/* Begin PBXBuildFile section */
		FA254EFA2D8E80E700406220 /* RecommendforyuyView.swift in Sources */ = {isa = PBXBuildFile; fileRef = FA254EF92D8E80E700406220 /* RecommendforyuyView.swift */; };
		FA254EFC2D8E831700406220 /* OfferView.swift in Sources */ = {isa = PBXBuildFile; fileRef = FA254EFB2D8E831700406220 /* OfferView.swift */; };
		FA254EFE2D8E847600406220 /* NotificationView.swift in Sources */ = {isa = PBXBuildFile; fileRef = FA254EFD2D8E847600406220 /* NotificationView.swift */; };
		FA254F002D8E88A100406220 /* FavouriteView.swift in Sources */ = {isa = PBXBuildFile; fileRef = FA254EFF2D8E88A100406220 /* FavouriteView.swift */; };
		FA254F022D8E899B00406220 /* CartView.swift in Sources */ = {isa = PBXBuildFile; fileRef = FA254F012D8E899B00406220 /* CartView.swift */; };
		FA295DA32D9E6B12006250F3 /* HomeviewModel.swift in Sources */ = {isa = PBXBuildFile; fileRef = FA295DA22D9E6B12006250F3 /* HomeviewModel.swift */; };
		FA295DA52D9E6B63006250F3 /* FoodModel.swift in Sources */ = {isa = PBXBuildFile; fileRef = FA295DA42D9E6B63006250F3 /* FoodModel.swift */; };
		FA35EE2E2D8FD5D6000D09CA /* Bottomview.swift in Sources */ = {isa = PBXBuildFile; fileRef = FA35EE2D2D8FD5D6000D09CA /* Bottomview.swift */; };
		FA35EE302D8FD780000D09CA /* CotetView.swift in Sources */ = {isa = PBXBuildFile; fileRef = FA35EE2F2D8FD780000D09CA /* CotetView.swift */; };
		FA3854C52D940B3E00FB4E6D /* ProfileView.swift in Sources */ = {isa = PBXBuildFile; fileRef = FA3854C42D940B3E00FB4E6D /* ProfileView.swift */; };
		FA42AE182D95040E00F724EE /* AccountsettingView.swift in Sources */ = {isa = PBXBuildFile; fileRef = FA42AE172D95040E00F724EE /* AccountsettingView.swift */; };
		FA42AE1A2D9508CC00F724EE /* AddressView.swift in Sources */ = {isa = PBXBuildFile; fileRef = FA42AE192D9508CC00F724EE /* AddressView.swift */; };
		FA42AE1C2D95099B00F724EE /* AddnewAddressView.swift in Sources */ = {isa = PBXBuildFile; fileRef = FA42AE1B2D95099B00F724EE /* AddnewAddressView.swift */; };
		FA42AE202D9510C700F724EE /* TopUpView.swift in Sources */ = {isa = PBXBuildFile; fileRef = FA42AE1F2D9510C700F724EE /* TopUpView.swift */; };
		FA42AE222D95157D00F724EE /* TrackOrderView.swift in Sources */ = {isa = PBXBuildFile; fileRef = FA42AE212D95157D00F724EE /* TrackOrderView.swift */; };
		FA49AF362E1514E9008C76F7 /* Restaurantcategorymodel.swift in Sources */ = {isa = PBXBuildFile; fileRef = FA49AF352E1514E9008C76F7 /* Restaurantcategorymodel.swift */; };
		FA49AF382E151D0E008C76F7 /* Restaurantooditem.swift in Sources */ = {isa = PBXBuildFile; fileRef = FA49AF372E151D0E008C76F7 /* Restaurantooditem.swift */; };
		FA505A8B2D939334003CF1DD /* PaymentView.swift in Sources */ = {isa = PBXBuildFile; fileRef = FA505A8A2D939334003CF1DD /* PaymentView.swift */; };
		FA505A8D2D93A61B003CF1DD /* ActiveOrderView.swift in Sources */ = {isa = PBXBuildFile; fileRef = FA505A8C2D93A61B003CF1DD /* ActiveOrderView.swift */; };
		FA505A8F2D93A80F003CF1DD /* CacelOrderView.swift in Sources */ = {isa = PBXBuildFile; fileRef = FA505A8E2D93A80F003CF1DD /* CacelOrderView.swift */; };
		FA505A912D93A8BC003CF1DD /* CompletedOrderView.swift in Sources */ = {isa = PBXBuildFile; fileRef = FA505A902D93A8BC003CF1DD /* CompletedOrderView.swift */; };
		FA55925D2D897BE100790E02 /* customerApp.swift in Sources */ = {isa = PBXBuildFile; fileRef = FA55925C2D897BE100790E02 /* customerApp.swift */; };
		FA55925F2D897BE100790E02 /* LoginView.swift in Sources */ = {isa = PBXBuildFile; fileRef = FA55925E2D897BE100790E02 /* LoginView.swift */; };
		FA5592612D897BE300790E02 /* Assets.xcassets in Resources */ = {isa = PBXBuildFile; fileRef = FA5592602D897BE300790E02 /* Assets.xcassets */; };
		FA5592642D897BE300790E02 /* Preview Assets.xcassets in Resources */ = {isa = PBXBuildFile; fileRef = FA5592632D897BE300790E02 /* Preview Assets.xcassets */; };
		FA55926E2D897BE300790E02 /* customerTests.swift in Sources */ = {isa = PBXBuildFile; fileRef = FA55926D2D897BE300790E02 /* customerTests.swift */; };
		FA5592782D897BE300790E02 /* customerUITests.swift in Sources */ = {isa = PBXBuildFile; fileRef = FA5592772D897BE300790E02 /* customerUITests.swift */; };
		FA55927A2D897BE300790E02 /* customerUITestsLaunchTests.swift in Sources */ = {isa = PBXBuildFile; fileRef = FA5592792D897BE300790E02 /* customerUITestsLaunchTests.swift */; };
		FA593FDD2D91263C00768A2A /* ShopDetailView.swift in Sources */ = {isa = PBXBuildFile; fileRef = FA593FDC2D91263C00768A2A /* ShopDetailView.swift */; };
		FA5A52A82D9274F600A07ED9 /* OrderDetailView.swift in Sources */ = {isa = PBXBuildFile; fileRef = FA5A52A72D9274F600A07ED9 /* OrderDetailView.swift */; };
		FA5EBB172E044C8C00905CB3 /* OfferModel.swift in Sources */ = {isa = PBXBuildFile; fileRef = FA5EBB162E044C8C00905CB3 /* OfferModel.swift */; };
		FA5EBB192E045A2400905CB3 /* RestaurantModel.swift in Sources */ = {isa = PBXBuildFile; fileRef = FA5EBB182E045A2400905CB3 /* RestaurantModel.swift */; };
		FA65B52A2D93B2F60039617F /* OrderViewpagerView.swift in Sources */ = {isa = PBXBuildFile; fileRef = FA65B5292D93B2F60039617F /* OrderViewpagerView.swift */; };
		FA65B52C2D93B6CC0039617F /* HomepageView.swift in Sources */ = {isa = PBXBuildFile; fileRef = FA65B52B2D93B6CC0039617F /* HomepageView.swift */; };
		FA65B52E2D93BD090039617F /* OrderDetailpageView.swift in Sources */ = {isa = PBXBuildFile; fileRef = FA65B52D2D93BD090039617F /* OrderDetailpageView.swift */; };
		FA65B5302D93C4580039617F /* WalletView.swift in Sources */ = {isa = PBXBuildFile; fileRef = FA65B52F2D93C4580039617F /* WalletView.swift */; };
		FA65B5322D93CA4C0039617F /* TransactioHistoryView.swift in Sources */ = {isa = PBXBuildFile; fileRef = FA65B5312D93CA4C0039617F /* TransactioHistoryView.swift */; };
		FA7079FA2D9BC25300DE6C96 /* UserModel.swift in Sources */ = {isa = PBXBuildFile; fileRef = FA7079F92D9BC25300DE6C96 /* UserModel.swift */; };
		FA7079FC2D9BC27200DE6C96 /* ApiService.swift in Sources */ = {isa = PBXBuildFile; fileRef = FA7079FB2D9BC27200DE6C96 /* ApiService.swift */; };
		FA7079FE2D9BC29600DE6C96 /* UserViewModel.swift in Sources */ = {isa = PBXBuildFile; fileRef = FA7079FD2D9BC29600DE6C96 /* UserViewModel.swift */; };
		FA707A002D9BC2B800DE6C96 /* UserUI.swift in Sources */ = {isa = PBXBuildFile; fileRef = FA7079FF2D9BC2B800DE6C96 /* UserUI.swift */; };
		FA707A032D9BC3E000DE6C96 /* LoginViewModel.swift in Sources */ = {isa = PBXBuildFile; fileRef = FA707A022D9BC3E000DE6C96 /* LoginViewModel.swift */; };
		FA749EAF2E05C8B000D46982 /* Shopdetailresponsmodel.swift in Sources */ = {isa = PBXBuildFile; fileRef = FA749EAE2E05C8B000D46982 /* Shopdetailresponsmodel.swift */; };
		FA8324E62D9008FE004EB45B /* SearchView.swift in Sources */ = {isa = PBXBuildFile; fileRef = FA8324E52D9008FE004EB45B /* SearchView.swift */; };
		FA8B16602D8D264A00C4699C /* Homeview.swift in Sources */ = {isa = PBXBuildFile; fileRef = FA8B165F2D8D264A00C4699C /* Homeview.swift */; };
		FA8E25D42DA5A927003350E6 /* CategoriesResposeModel.swift in Sources */ = {isa = PBXBuildFile; fileRef = FA8E25D32DA5A927003350E6 /* CategoriesResposeModel.swift */; };
		FA9242FE2D8BDBB600B3B546 /* Algorithms in Frameworks */ = {isa = PBXBuildFile; productRef = FA9242FD2D8BDBB600B3B546 /* Algorithms */; };
		FA9243042D8BDE5E00B3B546 /* CountryPickerView in Frameworks */ = {isa = PBXBuildFile; productRef = FA9243032D8BDE5E00B3B546 /* CountryPickerView */; };
		FA9243062D8BE50400B3B546 /* RegisterView.swift in Sources */ = {isa = PBXBuildFile; fileRef = FA9243052D8BE50400B3B546 /* RegisterView.swift */; };
		FA9A53302E12654500FCCD24 /* ResturantView.swift in Sources */ = {isa = PBXBuildFile; fileRef = FA9A532F2E12654500FCCD24 /* ResturantView.swift */; };
		FAB3C2E82DA3A3AE0072BC5C /* SplashscreeView.swift in Sources */ = {isa = PBXBuildFile; fileRef = FAB3C2E72DA3A3AE0072BC5C /* SplashscreeView.swift */; };
		FAB92A672D941227007A5B0A /* EditProfileView.swift in Sources */ = {isa = PBXBuildFile; fileRef = FAB92A662D941227007A5B0A /* EditProfileView.swift */; };
		FABBD1262E0E6586007139F7 /* DeleteCartModel.swift in Sources */ = {isa = PBXBuildFile; fileRef = FABBD1252E0E6586007139F7 /* DeleteCartModel.swift */; };
		FACA01292E0C5C900045E87D /* AddcartResposemodel.swift in Sources */ = {isa = PBXBuildFile; fileRef = FACA01282E0C5C900045E87D /* AddcartResposemodel.swift */; };
		FACA012B2E0C652D0045E87D /* Cartresposemodel.swift in Sources */ = {isa = PBXBuildFile; fileRef = FACA012A2E0C652D0045E87D /* Cartresposemodel.swift */; };
		FACA5E102E04F56100925C82 /* FoodDetailResponseModel.swift in Sources */ = {isa = PBXBuildFile; fileRef = FACA5E0F2E04F56100925C82 /* FoodDetailResponseModel.swift */; };
/* End PBXBuildFile section */

/* Begin PBXContainerItemProxy section */
		FA55926A2D897BE300790E02 /* PBXContainerItemProxy */ = {
			isa = PBXContainerItemProxy;
			containerPortal = FA5592512D897BE000790E02 /* Project object */;
			proxyType = 1;
			remoteGlobalIDString = FA5592582D897BE000790E02;
			remoteInfo = customer;
		};
		FA5592742D897BE300790E02 /* PBXContainerItemProxy */ = {
			isa = PBXContainerItemProxy;
			containerPortal = FA5592512D897BE000790E02 /* Project object */;
			proxyType = 1;
			remoteGlobalIDString = FA5592582D897BE000790E02;
			remoteInfo = customer;
		};
/* End PBXContainerItemProxy section */

/* Begin PBXFileReference section */
		FA254EF92D8E80E700406220 /* RecommendforyuyView.swift */ = {isa = PBXFileReference; lastKnownFileType = sourcecode.swift; path = RecommendforyuyView.swift; sourceTree = "<group>"; };
		FA254EFB2D8E831700406220 /* OfferView.swift */ = {isa = PBXFileReference; lastKnownFileType = sourcecode.swift; path = OfferView.swift; sourceTree = "<group>"; };
		FA254EFD2D8E847600406220 /* NotificationView.swift */ = {isa = PBXFileReference; lastKnownFileType = sourcecode.swift; path = NotificationView.swift; sourceTree = "<group>"; };
		FA254EFF2D8E88A100406220 /* FavouriteView.swift */ = {isa = PBXFileReference; lastKnownFileType = sourcecode.swift; path = FavouriteView.swift; sourceTree = "<group>"; };
		FA254F012D8E899B00406220 /* CartView.swift */ = {isa = PBXFileReference; lastKnownFileType = sourcecode.swift; path = CartView.swift; sourceTree = "<group>"; };
		FA295DA22D9E6B12006250F3 /* HomeviewModel.swift */ = {isa = PBXFileReference; lastKnownFileType = sourcecode.swift; path = HomeviewModel.swift; sourceTree = "<group>"; };
		FA295DA42D9E6B63006250F3 /* FoodModel.swift */ = {isa = PBXFileReference; lastKnownFileType = sourcecode.swift; path = FoodModel.swift; sourceTree = "<group>"; };
		FA35EE2D2D8FD5D6000D09CA /* Bottomview.swift */ = {isa = PBXFileReference; lastKnownFileType = sourcecode.swift; path = Bottomview.swift; sourceTree = "<group>"; };
		FA35EE2F2D8FD780000D09CA /* CotetView.swift */ = {isa = PBXFileReference; lastKnownFileType = sourcecode.swift; path = CotetView.swift; sourceTree = "<group>"; };
		FA3854C42D940B3E00FB4E6D /* ProfileView.swift */ = {isa = PBXFileReference; lastKnownFileType = sourcecode.swift; path = ProfileView.swift; sourceTree = "<group>"; };
		FA42AE172D95040E00F724EE /* AccountsettingView.swift */ = {isa = PBXFileReference; lastKnownFileType = sourcecode.swift; path = AccountsettingView.swift; sourceTree = "<group>"; };
		FA42AE192D9508CC00F724EE /* AddressView.swift */ = {isa = PBXFileReference; lastKnownFileType = sourcecode.swift; path = AddressView.swift; sourceTree = "<group>"; };
		FA42AE1B2D95099B00F724EE /* AddnewAddressView.swift */ = {isa = PBXFileReference; lastKnownFileType = sourcecode.swift; path = AddnewAddressView.swift; sourceTree = "<group>"; };
		FA42AE1F2D9510C700F724EE /* TopUpView.swift */ = {isa = PBXFileReference; lastKnownFileType = sourcecode.swift; path = TopUpView.swift; sourceTree = "<group>"; };
		FA42AE212D95157D00F724EE /* TrackOrderView.swift */ = {isa = PBXFileReference; lastKnownFileType = sourcecode.swift; path = TrackOrderView.swift; sourceTree = "<group>"; };
		FA49AF352E1514E9008C76F7 /* Restaurantcategorymodel.swift */ = {isa = PBXFileReference; lastKnownFileType = sourcecode.swift; path = Restaurantcategorymodel.swift; sourceTree = "<group>"; };
		FA49AF372E151D0E008C76F7 /* Restaurantooditem.swift */ = {isa = PBXFileReference; lastKnownFileType = sourcecode.swift; path = Restaurantooditem.swift; sourceTree = "<group>"; };
		FA505A8A2D939334003CF1DD /* PaymentView.swift */ = {isa = PBXFileReference; lastKnownFileType = sourcecode.swift; path = PaymentView.swift; sourceTree = "<group>"; };
		FA505A8C2D93A61B003CF1DD /* ActiveOrderView.swift */ = {isa = PBXFileReference; lastKnownFileType = sourcecode.swift; path = ActiveOrderView.swift; sourceTree = "<group>"; };
		FA505A8E2D93A80F003CF1DD /* CacelOrderView.swift */ = {isa = PBXFileReference; lastKnownFileType = sourcecode.swift; path = CacelOrderView.swift; sourceTree = "<group>"; };
		FA505A902D93A8BC003CF1DD /* CompletedOrderView.swift */ = {isa = PBXFileReference; lastKnownFileType = sourcecode.swift; path = CompletedOrderView.swift; sourceTree = "<group>"; };
		FA5592592D897BE000790E02 /* customer.app */ = {isa = PBXFileReference; explicitFileType = wrapper.application; includeInIndex = 0; path = customer.app; sourceTree = BUILT_PRODUCTS_DIR; };
		FA55925C2D897BE100790E02 /* customerApp.swift */ = {isa = PBXFileReference; lastKnownFileType = sourcecode.swift; path = customerApp.swift; sourceTree = "<group>"; };
		FA55925E2D897BE100790E02 /* LoginView.swift */ = {isa = PBXFileReference; lastKnownFileType = sourcecode.swift; path = LoginView.swift; sourceTree = "<group>"; };
		FA5592602D897BE300790E02 /* Assets.xcassets */ = {isa = PBXFileReference; lastKnownFileType = folder.assetcatalog; path = Assets.xcassets; sourceTree = "<group>"; };
		FA5592632D897BE300790E02 /* Preview Assets.xcassets */ = {isa = PBXFileReference; lastKnownFileType = folder.assetcatalog; path = "Preview Assets.xcassets"; sourceTree = "<group>"; };
		FA5592692D897BE300790E02 /* customerTests.xctest */ = {isa = PBXFileReference; explicitFileType = wrapper.cfbundle; includeInIndex = 0; path = customerTests.xctest; sourceTree = BUILT_PRODUCTS_DIR; };
		FA55926D2D897BE300790E02 /* customerTests.swift */ = {isa = PBXFileReference; lastKnownFileType = sourcecode.swift; path = customerTests.swift; sourceTree = "<group>"; };
		FA5592732D897BE300790E02 /* customerUITests.xctest */ = {isa = PBXFileReference; explicitFileType = wrapper.cfbundle; includeInIndex = 0; path = customerUITests.xctest; sourceTree = BUILT_PRODUCTS_DIR; };
		FA5592772D897BE300790E02 /* customerUITests.swift */ = {isa = PBXFileReference; lastKnownFileType = sourcecode.swift; path = customerUITests.swift; sourceTree = "<group>"; };
		FA5592792D897BE300790E02 /* customerUITestsLaunchTests.swift */ = {isa = PBXFileReference; lastKnownFileType = sourcecode.swift; path = customerUITestsLaunchTests.swift; sourceTree = "<group>"; };
		FA593FDC2D91263C00768A2A /* ShopDetailView.swift */ = {isa = PBXFileReference; lastKnownFileType = sourcecode.swift; path = ShopDetailView.swift; sourceTree = "<group>"; };
		FA5A52A72D9274F600A07ED9 /* OrderDetailView.swift */ = {isa = PBXFileReference; lastKnownFileType = sourcecode.swift; path = OrderDetailView.swift; sourceTree = "<group>"; };
		FA5EBB162E044C8C00905CB3 /* OfferModel.swift */ = {isa = PBXFileReference; lastKnownFileType = sourcecode.swift; path = OfferModel.swift; sourceTree = "<group>"; };
		FA5EBB182E045A2400905CB3 /* RestaurantModel.swift */ = {isa = PBXFileReference; lastKnownFileType = sourcecode.swift; path = RestaurantModel.swift; sourceTree = "<group>"; };
		FA65B5292D93B2F60039617F /* OrderViewpagerView.swift */ = {isa = PBXFileReference; lastKnownFileType = sourcecode.swift; path = OrderViewpagerView.swift; sourceTree = "<group>"; };
		FA65B52B2D93B6CC0039617F /* HomepageView.swift */ = {isa = PBXFileReference; lastKnownFileType = sourcecode.swift; path = HomepageView.swift; sourceTree = "<group>"; };
		FA65B52D2D93BD090039617F /* OrderDetailpageView.swift */ = {isa = PBXFileReference; lastKnownFileType = sourcecode.swift; path = OrderDetailpageView.swift; sourceTree = "<group>"; };
		FA65B52F2D93C4580039617F /* WalletView.swift */ = {isa = PBXFileReference; lastKnownFileType = sourcecode.swift; path = WalletView.swift; sourceTree = "<group>"; };
		FA65B5312D93CA4C0039617F /* TransactioHistoryView.swift */ = {isa = PBXFileReference; lastKnownFileType = sourcecode.swift; path = TransactioHistoryView.swift; sourceTree = "<group>"; };
		FA7079F92D9BC25300DE6C96 /* UserModel.swift */ = {isa = PBXFileReference; lastKnownFileType = sourcecode.swift; path = UserModel.swift; sourceTree = "<group>"; };
		FA7079FB2D9BC27200DE6C96 /* ApiService.swift */ = {isa = PBXFileReference; lastKnownFileType = sourcecode.swift; path = ApiService.swift; sourceTree = "<group>"; };
		FA7079FD2D9BC29600DE6C96 /* UserViewModel.swift */ = {isa = PBXFileReference; lastKnownFileType = sourcecode.swift; path = UserViewModel.swift; sourceTree = "<group>"; };
		FA7079FF2D9BC2B800DE6C96 /* UserUI.swift */ = {isa = PBXFileReference; lastKnownFileType = sourcecode.swift; path = UserUI.swift; sourceTree = "<group>"; };
		FA707A022D9BC3E000DE6C96 /* LoginViewModel.swift */ = {isa = PBXFileReference; lastKnownFileType = sourcecode.swift; path = LoginViewModel.swift; sourceTree = "<group>"; };
		FA749EAE2E05C8B000D46982 /* Shopdetailresponsmodel.swift */ = {isa = PBXFileReference; lastKnownFileType = sourcecode.swift; path = Shopdetailresponsmodel.swift; sourceTree = "<group>"; };
		FA8324E52D9008FE004EB45B /* SearchView.swift */ = {isa = PBXFileReference; lastKnownFileType = sourcecode.swift; path = SearchView.swift; sourceTree = "<group>"; };
		FA8B165F2D8D264A00C4699C /* Homeview.swift */ = {isa = PBXFileReference; lastKnownFileType = sourcecode.swift; path = Homeview.swift; sourceTree = "<group>"; };
		FA8E25D32DA5A927003350E6 /* CategoriesResposeModel.swift */ = {isa = PBXFileReference; lastKnownFileType = sourcecode.swift; path = CategoriesResposeModel.swift; sourceTree = "<group>"; };
		FA9243052D8BE50400B3B546 /* RegisterView.swift */ = {isa = PBXFileReference; lastKnownFileType = sourcecode.swift; path = RegisterView.swift; sourceTree = "<group>"; };
		FA9A532F2E12654500FCCD24 /* ResturantView.swift */ = {isa = PBXFileReference; lastKnownFileType = sourcecode.swift; path = ResturantView.swift; sourceTree = "<group>"; };
		FAB3C2E72DA3A3AE0072BC5C /* SplashscreeView.swift */ = {isa = PBXFileReference; lastKnownFileType = sourcecode.swift; path = SplashscreeView.swift; sourceTree = "<group>"; };
		FAB92A662D941227007A5B0A /* EditProfileView.swift */ = {isa = PBXFileReference; lastKnownFileType = sourcecode.swift; path = EditProfileView.swift; sourceTree = "<group>"; };
		FABBD1252E0E6586007139F7 /* DeleteCartModel.swift */ = {isa = PBXFileReference; lastKnownFileType = sourcecode.swift; path = DeleteCartModel.swift; sourceTree = "<group>"; };
		FACA01282E0C5C900045E87D /* AddcartResposemodel.swift */ = {isa = PBXFileReference; lastKnownFileType = sourcecode.swift; path = AddcartResposemodel.swift; sourceTree = "<group>"; };
		FACA012A2E0C652D0045E87D /* Cartresposemodel.swift */ = {isa = PBXFileReference; lastKnownFileType = sourcecode.swift; path = Cartresposemodel.swift; sourceTree = "<group>"; };
		FACA5E0F2E04F56100925C82 /* FoodDetailResponseModel.swift */ = {isa = PBXFileReference; lastKnownFileType = sourcecode.swift; path = FoodDetailResponseModel.swift; sourceTree = "<group>"; };
/* End PBXFileReference section */

/* Begin PBXFrameworksBuildPhase section */
		FA5592562D897BE000790E02 /* Frameworks */ = {
			isa = PBXFrameworksBuildPhase;
			buildActionMask = 2147483647;
			files = (
				FA9242FE2D8BDBB600B3B546 /* Algorithms in Frameworks */,
				FA9243042D8BDE5E00B3B546 /* CountryPickerView in Frameworks */,
			);
			runOnlyForDeploymentPostprocessing = 0;
		};
		FA5592662D897BE300790E02 /* Frameworks */ = {
			isa = PBXFrameworksBuildPhase;
			buildActionMask = 2147483647;
			files = (
			);
			runOnlyForDeploymentPostprocessing = 0;
		};
		FA5592702D897BE300790E02 /* Frameworks */ = {
			isa = PBXFrameworksBuildPhase;
			buildActionMask = 2147483647;
			files = (
			);
			runOnlyForDeploymentPostprocessing = 0;
		};
/* End PBXFrameworksBuildPhase section */

/* Begin PBXGroup section */
		FA5592502D897BE000790E02 = {
			isa = PBXGroup;
			children = (
				FA55925B2D897BE000790E02 /* customer */,
				FA55926C2D897BE300790E02 /* customerTests */,
				FA5592762D897BE300790E02 /* customerUITests */,
				FA55925A2D897BE000790E02 /* Products */,
			);
			sourceTree = "<group>";
		};
		FA55925A2D897BE000790E02 /* Products */ = {
			isa = PBXGroup;
			children = (
				FA5592592D897BE000790E02 /* customer.app */,
				FA5592692D897BE300790E02 /* customerTests.xctest */,
				FA5592732D897BE300790E02 /* customerUITests.xctest */,
			);
			name = Products;
			sourceTree = "<group>";
		};
		FA55925B2D897BE000790E02 /* customer */ = {
			isa = PBXGroup;
			children = (
				FA7079F82D9BC23100DE6C96 /* ApiService */,
				FA7079F72D9BC22400DE6C96 /* ViewModel */,
				FA7079F62D9BC21800DE6C96 /* Model */,
				FA707A012D9BC38500DE6C96 /* View */,
				FA5592602D897BE300790E02 /* Assets.xcassets */,
				FA5592622D897BE300790E02 /* Preview Content */,
				FA35EE2D2D8FD5D6000D09CA /* Bottomview.swift */,
				FA35EE2F2D8FD780000D09CA /* CotetView.swift */,
			);
			path = customer;
			sourceTree = "<group>";
		};
		FA5592622D897BE300790E02 /* Preview Content */ = {
			isa = PBXGroup;
			children = (
				FA5592632D897BE300790E02 /* Preview Assets.xcassets */,
			);
			path = "Preview Content";
			sourceTree = "<group>";
		};
		FA55926C2D897BE300790E02 /* customerTests */ = {
			isa = PBXGroup;
			children = (
				FA55926D2D897BE300790E02 /* customerTests.swift */,
			);
			path = customerTests;
			sourceTree = "<group>";
		};
		FA5592762D897BE300790E02 /* customerUITests */ = {
			isa = PBXGroup;
			children = (
				FA5592772D897BE300790E02 /* customerUITests.swift */,
				FA5592792D897BE300790E02 /* customerUITestsLaunchTests.swift */,
			);
			path = customerUITests;
			sourceTree = "<group>";
		};
		FA7079F62D9BC21800DE6C96 /* Model */ = {
			isa = PBXGroup;
			children = (
				FA7079F92D9BC25300DE6C96 /* UserModel.swift */,
				FA295DA42D9E6B63006250F3 /* FoodModel.swift */,
				FA8E25D32DA5A927003350E6 /* CategoriesResposeModel.swift */,
				FA5EBB162E044C8C00905CB3 /* OfferModel.swift */,
				FA5EBB182E045A2400905CB3 /* RestaurantModel.swift */,
				FACA5E0F2E04F56100925C82 /* FoodDetailResponseModel.swift */,
				FA749EAE2E05C8B000D46982 /* Shopdetailresponsmodel.swift */,
				FACA01282E0C5C900045E87D /* AddcartResposemodel.swift */,
				FACA012A2E0C652D0045E87D /* Cartresposemodel.swift */,
				FABBD1252E0E6586007139F7 /* DeleteCartModel.swift */,
				FA49AF352E1514E9008C76F7 /* Restaurantcategorymodel.swift */,
				FA49AF372E151D0E008C76F7 /* Restaurantooditem.swift */,
			);
			name = Model;
			sourceTree = "<group>";
		};
		FA7079F72D9BC22400DE6C96 /* ViewModel */ = {
			isa = PBXGroup;
			children = (
				FA7079FD2D9BC29600DE6C96 /* UserViewModel.swift */,
				FA707A022D9BC3E000DE6C96 /* LoginViewModel.swift */,
				FA295DA22D9E6B12006250F3 /* HomeviewModel.swift */,
			);
			name = ViewModel;
			sourceTree = "<group>";
		};
		FA7079F82D9BC23100DE6C96 /* ApiService */ = {
			isa = PBXGroup;
			children = (
				FA7079FB2D9BC27200DE6C96 /* ApiService.swift */,
			);
			path = ApiService;
			sourceTree = "<group>";
		};
		FA707A012D9BC38500DE6C96 /* View */ = {
			isa = PBXGroup;
			children = (
				FA42AE1F2D9510C700F724EE /* TopUpView.swift */,
				FA7079FF2D9BC2B800DE6C96 /* UserUI.swift */,
				FA42AE212D95157D00F724EE /* TrackOrderView.swift */,
				FA42AE1B2D95099B00F724EE /* AddnewAddressView.swift */,
				FA42AE192D9508CC00F724EE /* AddressView.swift */,
				FA42AE172D95040E00F724EE /* AccountsettingView.swift */,
				FAB92A662D941227007A5B0A /* EditProfileView.swift */,
				FA3854C42D940B3E00FB4E6D /* ProfileView.swift */,
				FA65B5312D93CA4C0039617F /* TransactioHistoryView.swift */,
				FA65B52F2D93C4580039617F /* WalletView.swift */,
				FA65B52D2D93BD090039617F /* OrderDetailpageView.swift */,
				FA65B52B2D93B6CC0039617F /* HomepageView.swift */,
				FA65B5292D93B2F60039617F /* OrderViewpagerView.swift */,
				FA505A902D93A8BC003CF1DD /* CompletedOrderView.swift */,
				FA505A8E2D93A80F003CF1DD /* CacelOrderView.swift */,
				FA505A8C2D93A61B003CF1DD /* ActiveOrderView.swift */,
				FA505A8A2D939334003CF1DD /* PaymentView.swift */,
				FA5A52A72D9274F600A07ED9 /* OrderDetailView.swift */,
				FA593FDC2D91263C00768A2A /* ShopDetailView.swift */,
				FA8324E52D9008FE004EB45B /* SearchView.swift */,
				FA254F012D8E899B00406220 /* CartView.swift */,
				FA254EFF2D8E88A100406220 /* FavouriteView.swift */,
				FA254EFD2D8E847600406220 /* NotificationView.swift */,
				FA254EFB2D8E831700406220 /* OfferView.swift */,
				FA254EF92D8E80E700406220 /* RecommendforyuyView.swift */,
				FA8B165F2D8D264A00C4699C /* Homeview.swift */,
				FA9243052D8BE50400B3B546 /* RegisterView.swift */,
				FA55925C2D897BE100790E02 /* customerApp.swift */,
				FA55925E2D897BE100790E02 /* LoginView.swift */,
				FAB3C2E72DA3A3AE0072BC5C /* SplashscreeView.swift */,
				FA9A532F2E12654500FCCD24 /* ResturantView.swift */,
			);
			name = View;
			sourceTree = "<group>";
		};
/* End PBXGroup section */

/* Begin PBXNativeTarget section */
		FA5592582D897BE000790E02 /* customer */ = {
			isa = PBXNativeTarget;
			buildConfigurationList = FA55927D2D897BE300790E02 /* Build configuration list for PBXNativeTarget "customer" */;
			buildPhases = (
				FA5592552D897BE000790E02 /* Sources */,
				FA5592562D897BE000790E02 /* Frameworks */,
				FA5592572D897BE000790E02 /* Resources */,
			);
			buildRules = (
			);
			dependencies = (
			);
			name = customer;
			packageProductDependencies = (
				FA9242FD2D8BDBB600B3B546 /* Algorithms */,
				FA9243032D8BDE5E00B3B546 /* CountryPickerView */,
			);
			productName = customer;
			productReference = FA5592592D897BE000790E02 /* customer.app */;
			productType = "com.apple.product-type.application";
		};
		FA5592682D897BE300790E02 /* customerTests */ = {
			isa = PBXNativeTarget;
			buildConfigurationList = FA5592802D897BE300790E02 /* Build configuration list for PBXNativeTarget "customerTests" */;
			buildPhases = (
				FA5592652D897BE300790E02 /* Sources */,
				FA5592662D897BE300790E02 /* Frameworks */,
				FA5592672D897BE300790E02 /* Resources */,
			);
			buildRules = (
			);
			dependencies = (
				FA55926B2D897BE300790E02 /* PBXTargetDependency */,
			);
			name = customerTests;
			productName = customerTests;
			productReference = FA5592692D897BE300790E02 /* customerTests.xctest */;
			productType = "com.apple.product-type.bundle.unit-test";
		};
		FA5592722D897BE300790E02 /* customerUITests */ = {
			isa = PBXNativeTarget;
			buildConfigurationList = FA5592832D897BE300790E02 /* Build configuration list for PBXNativeTarget "customerUITests" */;
			buildPhases = (
				FA55926F2D897BE300790E02 /* Sources */,
				FA5592702D897BE300790E02 /* Frameworks */,
				FA5592712D897BE300790E02 /* Resources */,
			);
			buildRules = (
			);
			dependencies = (
				FA5592752D897BE300790E02 /* PBXTargetDependency */,
			);
			name = customerUITests;
			productName = customerUITests;
			productReference = FA5592732D897BE300790E02 /* customerUITests.xctest */;
			productType = "com.apple.product-type.bundle.ui-testing";
		};
/* End PBXNativeTarget section */

/* Begin PBXProject section */
		FA5592512D897BE000790E02 /* Project object */ = {
			isa = PBXProject;
			attributes = {
				BuildIndependentTargetsInParallel = 1;
				LastSwiftUpdateCheck = 1400;
				LastUpgradeCheck = 1400;
				TargetAttributes = {
					FA5592582D897BE000790E02 = {
						CreatedOnToolsVersion = 14.0;
					};
					FA5592682D897BE300790E02 = {
						CreatedOnToolsVersion = 14.0;
						TestTargetID = FA5592582D897BE000790E02;
					};
					FA5592722D897BE300790E02 = {
						CreatedOnToolsVersion = 14.0;
						TestTargetID = FA5592582D897BE000790E02;
					};
				};
			};
			buildConfigurationList = FA5592542D897BE000790E02 /* Build configuration list for PBXProject "customer" */;
			compatibilityVersion = "Xcode 14.0";
			developmentRegion = en;
			hasScannedForEncodings = 0;
			knownRegions = (
				en,
				Base,
			);
			mainGroup = FA5592502D897BE000790E02;
			packageReferences = (
				FA9242FC2D8BDBB600B3B546 /* XCRemoteSwiftPackageReference "swift-algorithms" */,
				FA9242FF2D8BDC9100B3B546 /* XCRemoteSwiftPackageReference "PhoneNumberKit" */,
				FA9243022D8BDE5E00B3B546 /* XCRemoteSwiftPackageReference "CountryPickerView" */,
			);
			productRefGroup = FA55925A2D897BE000790E02 /* Products */;
			projectDirPath = "";
			projectRoot = "";
			targets = (
				FA5592582D897BE000790E02 /* customer */,
				FA5592682D897BE300790E02 /* customerTests */,
				FA5592722D897BE300790E02 /* customerUITests */,
			);
		};
/* End PBXProject section */

/* Begin PBXResourcesBuildPhase section */
		FA5592572D897BE000790E02 /* Resources */ = {
			isa = PBXResourcesBuildPhase;
			buildActionMask = 2147483647;
			files = (
				FA5592642D897BE300790E02 /* Preview Assets.xcassets in Resources */,
				FA5592612D897BE300790E02 /* Assets.xcassets in Resources */,
			);
			runOnlyForDeploymentPostprocessing = 0;
		};
		FA5592672D897BE300790E02 /* Resources */ = {
			isa = PBXResourcesBuildPhase;
			buildActionMask = 2147483647;
			files = (
			);
			runOnlyForDeploymentPostprocessing = 0;
		};
		FA5592712D897BE300790E02 /* Resources */ = {
			isa = PBXResourcesBuildPhase;
			buildActionMask = 2147483647;
			files = (
			);
			runOnlyForDeploymentPostprocessing = 0;
		};
/* End PBXResourcesBuildPhase section */

/* Begin PBXSourcesBuildPhase section */
		FA5592552D897BE000790E02 /* Sources */ = {
			isa = PBXSourcesBuildPhase;
			buildActionMask = 2147483647;
			files = (
				FA505A8F2D93A80F003CF1DD /* CacelOrderView.swift in Sources */,
				FA7079FE2D9BC29600DE6C96 /* UserViewModel.swift in Sources */,
				FA65B5322D93CA4C0039617F /* TransactioHistoryView.swift in Sources */,
				FACA012B2E0C652D0045E87D /* Cartresposemodel.swift in Sources */,
				FA254F022D8E899B00406220 /* CartView.swift in Sources */,
				FA65B52C2D93B6CC0039617F /* HomepageView.swift in Sources */,
				FA9243062D8BE50400B3B546 /* RegisterView.swift in Sources */,
				FA295DA52D9E6B63006250F3 /* FoodModel.swift in Sources */,
				FA505A912D93A8BC003CF1DD /* CompletedOrderView.swift in Sources */,
				FA254F002D8E88A100406220 /* FavouriteView.swift in Sources */,
				FA505A8D2D93A61B003CF1DD /* ActiveOrderView.swift in Sources */,
				FA5EBB192E045A2400905CB3 /* RestaurantModel.swift in Sources */,
				FA8E25D42DA5A927003350E6 /* CategoriesResposeModel.swift in Sources */,
				FA254EFC2D8E831700406220 /* OfferView.swift in Sources */,
				FA9A53302E12654500FCCD24 /* ResturantView.swift in Sources */,
				FA8324E62D9008FE004EB45B /* SearchView.swift in Sources */,
				FA49AF362E1514E9008C76F7 /* Restaurantcategorymodel.swift in Sources */,
				FA254EFE2D8E847600406220 /* NotificationView.swift in Sources */,
				FA593FDD2D91263C00768A2A /* ShopDetailView.swift in Sources */,
				FA707A032D9BC3E000DE6C96 /* LoginViewModel.swift in Sources */,
				FA254EFA2D8E80E700406220 /* RecommendforyuyView.swift in Sources */,
				FA42AE222D95157D00F724EE /* TrackOrderView.swift in Sources */,
				FA65B52A2D93B2F60039617F /* OrderViewpagerView.swift in Sources */,
				FAB3C2E82DA3A3AE0072BC5C /* SplashscreeView.swift in Sources */,
				FA42AE1C2D95099B00F724EE /* AddnewAddressView.swift in Sources */,
				FA65B5302D93C4580039617F /* WalletView.swift in Sources */,
				FABBD1262E0E6586007139F7 /* DeleteCartModel.swift in Sources */,
				FA749EAF2E05C8B000D46982 /* Shopdetailresponsmodel.swift in Sources */,
				FA5EBB172E044C8C00905CB3 /* OfferModel.swift in Sources */,
				FAB92A672D941227007A5B0A /* EditProfileView.swift in Sources */,
				FA8B16602D8D264A00C4699C /* Homeview.swift in Sources */,
				FA3854C52D940B3E00FB4E6D /* ProfileView.swift in Sources */,
				FA7079FA2D9BC25300DE6C96 /* UserModel.swift in Sources */,
				FA49AF382E151D0E008C76F7 /* Restaurantooditem.swift in Sources */,
				FA35EE2E2D8FD5D6000D09CA /* Bottomview.swift in Sources */,
				FACA5E102E04F56100925C82 /* FoodDetailResponseModel.swift in Sources */,
				FA7079FC2D9BC27200DE6C96 /* ApiService.swift in Sources */,
				FA42AE202D9510C700F724EE /* TopUpView.swift in Sources */,
				FACA01292E0C5C900045E87D /* AddcartResposemodel.swift in Sources */,
				FA42AE182D95040E00F724EE /* AccountsettingView.swift in Sources */,
				FA65B52E2D93BD090039617F /* OrderDetailpageView.swift in Sources */,
				FA55925F2D897BE100790E02 /* LoginView.swift in Sources */,
				FA55925D2D897BE100790E02 /* customerApp.swift in Sources */,
				FA42AE1A2D9508CC00F724EE /* AddressView.swift in Sources */,
				FA5A52A82D9274F600A07ED9 /* OrderDetailView.swift in Sources */,
				FA505A8B2D939334003CF1DD /* PaymentView.swift in Sources */,
				FA707A002D9BC2B800DE6C96 /* UserUI.swift in Sources */,
				FA35EE302D8FD780000D09CA /* CotetView.swift in Sources */,
				FA295DA32D9E6B12006250F3 /* HomeviewModel.swift in Sources */,
			);
			runOnlyForDeploymentPostprocessing = 0;
		};
		FA5592652D897BE300790E02 /* Sources */ = {
			isa = PBXSourcesBuildPhase;
			buildActionMask = 2147483647;
			files = (
				FA55926E2D897BE300790E02 /* customerTests.swift in Sources */,
			);
			runOnlyForDeploymentPostprocessing = 0;
		};
		FA55926F2D897BE300790E02 /* Sources */ = {
			isa = PBXSourcesBuildPhase;
			buildActionMask = 2147483647;
			files = (
				FA55927A2D897BE300790E02 /* customerUITestsLaunchTests.swift in Sources */,
				FA5592782D897BE300790E02 /* customerUITests.swift in Sources */,
			);
			runOnlyForDeploymentPostprocessing = 0;
		};
/* End PBXSourcesBuildPhase section */

/* Begin PBXTargetDependency section */
		FA55926B2D897BE300790E02 /* PBXTargetDependency */ = {
			isa = PBXTargetDependency;
			target = FA5592582D897BE000790E02 /* customer */;
			targetProxy = FA55926A2D897BE300790E02 /* PBXContainerItemProxy */;
		};
		FA5592752D897BE300790E02 /* PBXTargetDependency */ = {
			isa = PBXTargetDependency;
			target = FA5592582D897BE000790E02 /* customer */;
			targetProxy = FA5592742D897BE300790E02 /* PBXContainerItemProxy */;
		};
/* End PBXTargetDependency section */

/* Begin XCBuildConfiguration section */
		FA55927B2D897BE300790E02 /* Debug */ = {
			isa = XCBuildConfiguration;
			buildSettings = {
				ALWAYS_SEARCH_USER_PATHS = NO;
				CLANG_ANALYZER_NONNULL = YES;
				CLANG_ANALYZER_NUMBER_OBJECT_CONVERSION = YES_AGGRESSIVE;
				CLANG_CXX_LANGUAGE_STANDARD = "gnu++20";
				CLANG_ENABLE_MODULES = YES;
				CLANG_ENABLE_OBJC_ARC = YES;
				CLANG_ENABLE_OBJC_WEAK = YES;
				CLANG_WARN_BLOCK_CAPTURE_AUTORELEASING = YES;
				CLANG_WARN_BOOL_CONVERSION = YES;
				CLANG_WARN_COMMA = YES;
				CLANG_WARN_CONSTANT_CONVERSION = YES;
				CLANG_WARN_DEPRECATED_OBJC_IMPLEMENTATIONS = YES;
				CLANG_WARN_DIRECT_OBJC_ISA_USAGE = YES_ERROR;
				CLANG_WARN_DOCUMENTATION_COMMENTS = YES;
				CLANG_WARN_EMPTY_BODY = YES;
				CLANG_WARN_ENUM_CONVERSION = YES;
				CLANG_WARN_INFINITE_RECURSION = YES;
				CLANG_WARN_INT_CONVERSION = YES;
				CLANG_WARN_NON_LITERAL_NULL_CONVERSION = YES;
				CLANG_WARN_OBJC_IMPLICIT_RETAIN_SELF = YES;
				CLANG_WARN_OBJC_LITERAL_CONVERSION = YES;
				CLANG_WARN_OBJC_ROOT_CLASS = YES_ERROR;
				CLANG_WARN_QUOTED_INCLUDE_IN_FRAMEWORK_HEADER = YES;
				CLANG_WARN_RANGE_LOOP_ANALYSIS = YES;
				CLANG_WARN_STRICT_PROTOTYPES = YES;
				CLANG_WARN_SUSPICIOUS_MOVE = YES;
				CLANG_WARN_UNGUARDED_AVAILABILITY = YES_AGGRESSIVE;
				CLANG_WARN_UNREACHABLE_CODE = YES;
				CLANG_WARN__DUPLICATE_METHOD_MATCH = YES;
				COPY_PHASE_STRIP = NO;
				DEBUG_INFORMATION_FORMAT = dwarf;
				ENABLE_STRICT_OBJC_MSGSEND = YES;
				ENABLE_TESTABILITY = YES;
				GCC_C_LANGUAGE_STANDARD = gnu11;
				GCC_DYNAMIC_NO_PIC = NO;
				GCC_NO_COMMON_BLOCKS = YES;
				GCC_OPTIMIZATION_LEVEL = 0;
				GCC_PREPROCESSOR_DEFINITIONS = (
					"DEBUG=1",
					"$(inherited)",
				);
				GCC_WARN_64_TO_32_BIT_CONVERSION = YES;
				GCC_WARN_ABOUT_RETURN_TYPE = YES_ERROR;
				GCC_WARN_UNDECLARED_SELECTOR = YES;
				GCC_WARN_UNINITIALIZED_AUTOS = YES_AGGRESSIVE;
				GCC_WARN_UNUSED_FUNCTION = YES;
				GCC_WARN_UNUSED_VARIABLE = YES;
				IPHONEOS_DEPLOYMENT_TARGET = 16.0;
				MTL_ENABLE_DEBUG_INFO = INCLUDE_SOURCE;
				MTL_FAST_MATH = YES;
				ONLY_ACTIVE_ARCH = YES;
				SDKROOT = iphoneos;
				SWIFT_ACTIVE_COMPILATION_CONDITIONS = DEBUG;
				SWIFT_OPTIMIZATION_LEVEL = "-Onone";
			};
			name = Debug;
		};
		FA55927C2D897BE300790E02 /* Release */ = {
			isa = XCBuildConfiguration;
			buildSettings = {
				ALWAYS_SEARCH_USER_PATHS = NO;
				CLANG_ANALYZER_NONNULL = YES;
				CLANG_ANALYZER_NUMBER_OBJECT_CONVERSION = YES_AGGRESSIVE;
				CLANG_CXX_LANGUAGE_STANDARD = "gnu++20";
				CLANG_ENABLE_MODULES = YES;
				CLANG_ENABLE_OBJC_ARC = YES;
				CLANG_ENABLE_OBJC_WEAK = YES;
				CLANG_WARN_BLOCK_CAPTURE_AUTORELEASING = YES;
				CLANG_WARN_BOOL_CONVERSION = YES;
				CLANG_WARN_COMMA = YES;
				CLANG_WARN_CONSTANT_CONVERSION = YES;
				CLANG_WARN_DEPRECATED_OBJC_IMPLEMENTATIONS = YES;
				CLANG_WARN_DIRECT_OBJC_ISA_USAGE = YES_ERROR;
				CLANG_WARN_DOCUMENTATION_COMMENTS = YES;
				CLANG_WARN_EMPTY_BODY = YES;
				CLANG_WARN_ENUM_CONVERSION = YES;
				CLANG_WARN_INFINITE_RECURSION = YES;
				CLANG_WARN_INT_CONVERSION = YES;
				CLANG_WARN_NON_LITERAL_NULL_CONVERSION = YES;
				CLANG_WARN_OBJC_IMPLICIT_RETAIN_SELF = YES;
				CLANG_WARN_OBJC_LITERAL_CONVERSION = YES;
				CLANG_WARN_OBJC_ROOT_CLASS = YES_ERROR;
				CLANG_WARN_QUOTED_INCLUDE_IN_FRAMEWORK_HEADER = YES;
				CLANG_WARN_RANGE_LOOP_ANALYSIS = YES;
				CLANG_WARN_STRICT_PROTOTYPES = YES;
				CLANG_WARN_SUSPICIOUS_MOVE = YES;
				CLANG_WARN_UNGUARDED_AVAILABILITY = YES_AGGRESSIVE;
				CLANG_WARN_UNREACHABLE_CODE = YES;
				CLANG_WARN__DUPLICATE_METHOD_MATCH = YES;
				COPY_PHASE_STRIP = NO;
				DEBUG_INFORMATION_FORMAT = "dwarf-with-dsym";
				ENABLE_NS_ASSERTIONS = NO;
				ENABLE_STRICT_OBJC_MSGSEND = YES;
				GCC_C_LANGUAGE_STANDARD = gnu11;
				GCC_NO_COMMON_BLOCKS = YES;
				GCC_WARN_64_TO_32_BIT_CONVERSION = YES;
				GCC_WARN_ABOUT_RETURN_TYPE = YES_ERROR;
				GCC_WARN_UNDECLARED_SELECTOR = YES;
				GCC_WARN_UNINITIALIZED_AUTOS = YES_AGGRESSIVE;
				GCC_WARN_UNUSED_FUNCTION = YES;
				GCC_WARN_UNUSED_VARIABLE = YES;
				IPHONEOS_DEPLOYMENT_TARGET = 16.0;
				MTL_ENABLE_DEBUG_INFO = NO;
				MTL_FAST_MATH = YES;
				SDKROOT = iphoneos;
				SWIFT_COMPILATION_MODE = wholemodule;
				SWIFT_OPTIMIZATION_LEVEL = "-O";
				VALIDATE_PRODUCT = YES;
			};
			name = Release;
		};
		FA55927E2D897BE300790E02 /* Debug */ = {
			isa = XCBuildConfiguration;
			buildSettings = {
				ASSETCATALOG_COMPILER_APPICON_NAME = AppIcon;
				ASSETCATALOG_COMPILER_GLOBAL_ACCENT_COLOR_NAME = AccentColor;
				ASSETCATALOG_COMPILER_INCLUDE_ALL_APPICON_ASSETS = YES;
				CODE_SIGN_STYLE = Automatic;
				CURRENT_PROJECT_VERSION = 1;
				DEVELOPMENT_ASSET_PATHS = "\"customer/Preview Content\"";
				DEVELOPMENT_TEAM = FANHVU98V8;
				ENABLE_PREVIEWS = YES;
				GENERATE_INFOPLIST_FILE = YES;
				INFOPLIST_KEY_UIApplicationSceneManifest_Generation = YES;
				INFOPLIST_KEY_UIApplicationSupportsIndirectInputEvents = YES;
				INFOPLIST_KEY_UILaunchScreen_Generation = YES;
				INFOPLIST_KEY_UISupportedInterfaceOrientations_iPad = "UIInterfaceOrientationPortrait UIInterfaceOrientationPortraitUpsideDown UIInterfaceOrientationLandscapeLeft UIInterfaceOrientationLandscapeRight";
				INFOPLIST_KEY_UISupportedInterfaceOrientations_iPhone = "UIInterfaceOrientationPortrait UIInterfaceOrientationLandscapeLeft UIInterfaceOrientationLandscapeRight";
				LD_RUNPATH_SEARCH_PATHS = (
					"$(inherited)",
					"@executable_path/Frameworks",
				);
				MARKETING_VERSION = 1.0;
				PRODUCT_BUNDLE_IDENTIFIER = bashabhai.customer;
				PRODUCT_NAME = "$(TARGET_NAME)";
				SWIFT_EMIT_LOC_STRINGS = YES;
				SWIFT_VERSION = 5.0;
				TARGETED_DEVICE_FAMILY = "1,2";
			};
			name = Debug;
		};
		FA55927F2D897BE300790E02 /* Release */ = {
			isa = XCBuildConfiguration;
			buildSettings = {
				ASSETCATALOG_COMPILER_APPICON_NAME = AppIcon;
				ASSETCATALOG_COMPILER_GLOBAL_ACCENT_COLOR_NAME = AccentColor;
				ASSETCATALOG_COMPILER_INCLUDE_ALL_APPICON_ASSETS = YES;
				CODE_SIGN_STYLE = Automatic;
				CURRENT_PROJECT_VERSION = 1;
				DEVELOPMENT_ASSET_PATHS = "\"customer/Preview Content\"";
				ENABLE_PREVIEWS = YES;
				GENERATE_INFOPLIST_FILE = YES;
				INFOPLIST_KEY_UIApplicationSceneManifest_Generation = YES;
				INFOPLIST_KEY_UIApplicationSupportsIndirectInputEvents = YES;
				INFOPLIST_KEY_UILaunchScreen_Generation = YES;
				INFOPLIST_KEY_UISupportedInterfaceOrientations_iPad = "UIInterfaceOrientationPortrait UIInterfaceOrientationPortraitUpsideDown UIInterfaceOrientationLandscapeLeft UIInterfaceOrientationLandscapeRight";
				INFOPLIST_KEY_UISupportedInterfaceOrientations_iPhone = "UIInterfaceOrientationPortrait UIInterfaceOrientationLandscapeLeft UIInterfaceOrientationLandscapeRight";
				LD_RUNPATH_SEARCH_PATHS = (
					"$(inherited)",
					"@executable_path/Frameworks",
				);
				MARKETING_VERSION = 1.0;
				PRODUCT_BUNDLE_IDENTIFIER = bashabhai.customer;
				PRODUCT_NAME = "$(TARGET_NAME)";
				SWIFT_EMIT_LOC_STRINGS = YES;
				SWIFT_VERSION = 5.0;
				TARGETED_DEVICE_FAMILY = "1,2";
			};
			name = Release;
		};
		FA5592812D897BE300790E02 /* Debug */ = {
			isa = XCBuildConfiguration;
			buildSettings = {
				ALWAYS_EMBED_SWIFT_STANDARD_LIBRARIES = YES;
				BUNDLE_LOADER = "$(TEST_HOST)";
				CODE_SIGN_STYLE = Automatic;
				CURRENT_PROJECT_VERSION = 1;
				GENERATE_INFOPLIST_FILE = YES;
				IPHONEOS_DEPLOYMENT_TARGET = 16.0;
				MARKETING_VERSION = 1.0;
				PRODUCT_BUNDLE_IDENTIFIER = bashabhai.customerTests;
				PRODUCT_NAME = "$(TARGET_NAME)";
				SWIFT_EMIT_LOC_STRINGS = NO;
				SWIFT_VERSION = 5.0;
				TARGETED_DEVICE_FAMILY = "1,2";
				TEST_HOST = "$(BUILT_PRODUCTS_DIR)/customer.app/$(BUNDLE_EXECUTABLE_FOLDER_PATH)/customer";
			};
			name = Debug;
		};
		FA5592822D897BE300790E02 /* Release */ = {
			isa = XCBuildConfiguration;
			buildSettings = {
				ALWAYS_EMBED_SWIFT_STANDARD_LIBRARIES = YES;
				BUNDLE_LOADER = "$(TEST_HOST)";
				CODE_SIGN_STYLE = Automatic;
				CURRENT_PROJECT_VERSION = 1;
				GENERATE_INFOPLIST_FILE = YES;
				IPHONEOS_DEPLOYMENT_TARGET = 16.0;
				MARKETING_VERSION = 1.0;
				PRODUCT_BUNDLE_IDENTIFIER = bashabhai.customerTests;
				PRODUCT_NAME = "$(TARGET_NAME)";
				SWIFT_EMIT_LOC_STRINGS = NO;
				SWIFT_VERSION = 5.0;
				TARGETED_DEVICE_FAMILY = "1,2";
				TEST_HOST = "$(BUILT_PRODUCTS_DIR)/customer.app/$(BUNDLE_EXECUTABLE_FOLDER_PATH)/customer";
			};
			name = Release;
		};
		FA5592842D897BE300790E02 /* Debug */ = {
			isa = XCBuildConfiguration;
			buildSettings = {
				ALWAYS_EMBED_SWIFT_STANDARD_LIBRARIES = YES;
				CODE_SIGN_STYLE = Automatic;
				CURRENT_PROJECT_VERSION = 1;
				GENERATE_INFOPLIST_FILE = YES;
				MARKETING_VERSION = 1.0;
				PRODUCT_BUNDLE_IDENTIFIER = bashabhai.customerUITests;
				PRODUCT_NAME = "$(TARGET_NAME)";
				SWIFT_EMIT_LOC_STRINGS = NO;
				SWIFT_VERSION = 5.0;
				TARGETED_DEVICE_FAMILY = "1,2";
				TEST_TARGET_NAME = customer;
			};
			name = Debug;
		};
		FA5592852D897BE300790E02 /* Release */ = {
			isa = XCBuildConfiguration;
			buildSettings = {
				ALWAYS_EMBED_SWIFT_STANDARD_LIBRARIES = YES;
				CODE_SIGN_STYLE = Automatic;
				CURRENT_PROJECT_VERSION = 1;
				GENERATE_INFOPLIST_FILE = YES;
				MARKETING_VERSION = 1.0;
				PRODUCT_BUNDLE_IDENTIFIER = bashabhai.customerUITests;
				PRODUCT_NAME = "$(TARGET_NAME)";
				SWIFT_EMIT_LOC_STRINGS = NO;
				SWIFT_VERSION = 5.0;
				TARGETED_DEVICE_FAMILY = "1,2";
				TEST_TARGET_NAME = customer;
			};
			name = Release;
		};
/* End XCBuildConfiguration section */

/* Begin XCConfigurationList section */
		FA5592542D897BE000790E02 /* Build configuration list for PBXProject "customer" */ = {
			isa = XCConfigurationList;
			buildConfigurations = (
				FA55927B2D897BE300790E02 /* Debug */,
				FA55927C2D897BE300790E02 /* Release */,
			);
			defaultConfigurationIsVisible = 0;
			defaultConfigurationName = Release;
		};
		FA55927D2D897BE300790E02 /* Build configuration list for PBXNativeTarget "customer" */ = {
			isa = XCConfigurationList;
			buildConfigurations = (
				FA55927E2D897BE300790E02 /* Debug */,
				FA55927F2D897BE300790E02 /* Release */,
			);
			defaultConfigurationIsVisible = 0;
			defaultConfigurationName = Release;
		};
		FA5592802D897BE300790E02 /* Build configuration list for PBXNativeTarget "customerTests" */ = {
			isa = XCConfigurationList;
			buildConfigurations = (
				FA5592812D897BE300790E02 /* Debug */,
				FA5592822D897BE300790E02 /* Release */,
			);
			defaultConfigurationIsVisible = 0;
			defaultConfigurationName = Release;
		};
		FA5592832D897BE300790E02 /* Build configuration list for PBXNativeTarget "customerUITests" */ = {
			isa = XCConfigurationList;
			buildConfigurations = (
				FA5592842D897BE300790E02 /* Debug */,
				FA5592852D897BE300790E02 /* Release */,
			);
			defaultConfigurationIsVisible = 0;
			defaultConfigurationName = Release;
		};
/* End XCConfigurationList section */

/* Begin XCRemoteSwiftPackageReference section */
		FA9242FC2D8BDBB600B3B546 /* XCRemoteSwiftPackageReference "swift-algorithms" */ = {
			isa = XCRemoteSwiftPackageReference;
			repositoryURL = "https://github.com/apple/swift-algorithms.git";
			requirement = {
				kind = upToNextMajorVersion;
				minimumVersion = 1.0.0;
			};
		};
		FA9242FF2D8BDC9100B3B546 /* XCRemoteSwiftPackageReference "PhoneNumberKit" */ = {
			isa = XCRemoteSwiftPackageReference;
			repositoryURL = "https://github.com/marmelroy/PhoneNumberKit.git";
			requirement = {
				kind = upToNextMajorVersion;
				minimumVersion = 4.0.0;
			};
		};
		FA9243022D8BDE5E00B3B546 /* XCRemoteSwiftPackageReference "CountryPickerView" */ = {
			isa = XCRemoteSwiftPackageReference;
			repositoryURL = "https://github.com/kizitonwose/CountryPickerView";
			requirement = {
				kind = upToNextMajorVersion;
				minimumVersion = 3.0.0;
			};
		};
/* End XCRemoteSwiftPackageReference section */

/* Begin XCSwiftPackageProductDependency section */
		FA9242FD2D8BDBB600B3B546 /* Algorithms */ = {
			isa = XCSwiftPackageProductDependency;
			package = FA9242FC2D8BDBB600B3B546 /* XCRemoteSwiftPackageReference "swift-algorithms" */;
			productName = Algorithms;
		};
		FA9243032D8BDE5E00B3B546 /* CountryPickerView */ = {
			isa = XCSwiftPackageProductDependency;
			package = FA9243022D8BDE5E00B3B546 /* XCRemoteSwiftPackageReference "CountryPickerView" */;
			productName = CountryPickerView;
		};
/* End XCSwiftPackageProductDependency section */
	};
	rootObject = FA5592512D897BE000790E02 /* Project object */;
}
